// !$*UTF8*$!
{
	archiveVersion = 1;
	classes = {
	};
	objectVersion = 46;
	objects = {

/* Begin PBXBuildFile section */
		93EB115318B84AA2005B67E5 /* Default-568h@2x.png in Resources */ = {isa = PBXBuildFile; fileRef = 93EB115218B84AA2005B67E5 /* Default-568h@2x.png */; };
		D708A93518A77D9B002F0B9E /* DiningViewController.m in Sources */ = {isa = PBXBuildFile; fileRef = D708A93418A77D9B002F0B9E /* DiningViewController.m */; };
		D708A93818A77DC4002F0B9E /* DiningDetailViewController.m in Sources */ = {isa = PBXBuildFile; fileRef = D708A93718A77DC4002F0B9E /* DiningDetailViewController.m */; };
		D708A93B18A77DE2002F0B9E /* Dining.m in Sources */ = {isa = PBXBuildFile; fileRef = D708A93A18A77DE2002F0B9E /* Dining.m */; };
		D7C233DF18A6E0D30020A677 /* Parse.framework in Frameworks */ = {isa = PBXBuildFile; fileRef = D7C233DE18A6E0D30020A677 /* Parse.framework */; };
		D7C233E118A6E0FF0020A677 /* AudioToolbox.framework in Frameworks */ = {isa = PBXBuildFile; fileRef = D7C233E018A6E0FF0020A677 /* AudioToolbox.framework */; };
		D7C233E318A6E1040020A677 /* CFNetwork.framework in Frameworks */ = {isa = PBXBuildFile; fileRef = D7C233E218A6E1040020A677 /* CFNetwork.framework */; };
		D7C233E418A6E10A0020A677 /* CoreGraphics.framework in Frameworks */ = {isa = PBXBuildFile; fileRef = F4AA6C2F1589A2DF0093D97E /* CoreGraphics.framework */; };
		D7C233E618A6E1100020A677 /* CoreLocation.framework in Frameworks */ = {isa = PBXBuildFile; fileRef = D7C233E518A6E1100020A677 /* CoreLocation.framework */; };
		D7C233E818A6E11C0020A677 /* libz.1.1.3.dylib in Frameworks */ = {isa = PBXBuildFile; fileRef = D7C233E718A6E11C0020A677 /* libz.1.1.3.dylib */; };
		D7C233EA18A6E1220020A677 /* MobileCoreServices.framework in Frameworks */ = {isa = PBXBuildFile; fileRef = D7C233E918A6E1220020A677 /* MobileCoreServices.framework */; };
		D7C233EC18A6E12B0020A677 /* QuartzCore.framework in Frameworks */ = {isa = PBXBuildFile; fileRef = D7C233EB18A6E12B0020A677 /* QuartzCore.framework */; };
		D7C233EE18A6E1300020A677 /* Security.framework in Frameworks */ = {isa = PBXBuildFile; fileRef = D7C233ED18A6E1300020A677 /* Security.framework */; };
		D7C233F018A6E1360020A677 /* StoreKit.framework in Frameworks */ = {isa = PBXBuildFile; fileRef = D7C233EF18A6E1360020A677 /* StoreKit.framework */; };
		D7C233F218A6E13C0020A677 /* SystemConfiguration.framework in Frameworks */ = {isa = PBXBuildFile; fileRef = D7C233F118A6E13C0020A677 /* SystemConfiguration.framework */; };
		F419149E158D558600E54887 /* RecipeDetailViewController.m in Sources */ = {isa = PBXBuildFile; fileRef = F419149D158D558600E54887 /* RecipeDetailViewController.m */; };
		F447242715D78F07004A8C72 /* Recipe.m in Sources */ = {isa = PBXBuildFile; fileRef = F447242615D78F07004A8C72 /* Recipe.m */; };
		F4AA6C2C1589A2DF0093D97E /* UIKit.framework in Frameworks */ = {isa = PBXBuildFile; fileRef = F4AA6C2B1589A2DF0093D97E /* UIKit.framework */; };
		F4AA6C2E1589A2DF0093D97E /* Foundation.framework in Frameworks */ = {isa = PBXBuildFile; fileRef = F4AA6C2D1589A2DF0093D97E /* Foundation.framework */; };
		F4AA6C361589A2DF0093D97E /* InfoPlist.strings in Resources */ = {isa = PBXBuildFile; fileRef = F4AA6C341589A2DF0093D97E /* InfoPlist.strings */; };
		F4AA6C381589A2DF0093D97E /* main.m in Sources */ = {isa = PBXBuildFile; fileRef = F4AA6C371589A2DF0093D97E /* main.m */; };
		F4AA6C3C1589A2DF0093D97E /* RecipeBookAppDelegate.m in Sources */ = {isa = PBXBuildFile; fileRef = F4AA6C3B1589A2DF0093D97E /* RecipeBookAppDelegate.m */; };
		F4AA6C3F1589A2DF0093D97E /* MainStoryboard.storyboard in Resources */ = {isa = PBXBuildFile; fileRef = F4AA6C3D1589A2DF0093D97E /* MainStoryboard.storyboard */; };
		F4AA6C421589A2DF0093D97E /* RecipeBookViewController.m in Sources */ = {isa = PBXBuildFile; fileRef = F4AA6C411589A2DF0093D97E /* RecipeBookViewController.m */; };
/* End PBXBuildFile section */

/* Begin PBXFileReference section */
		93EB115218B84AA2005B67E5 /* Default-568h@2x.png */ = {isa = PBXFileReference; lastKnownFileType = image.png; path = "Default-568h@2x.png"; sourceTree = "<group>"; };
		D708A93318A77D9B002F0B9E /* DiningViewController.h */ = {isa = PBXFileReference; fileEncoding = 4; lastKnownFileType = sourcecode.c.h; path = DiningViewController.h; sourceTree = "<group>"; };
		D708A93418A77D9B002F0B9E /* DiningViewController.m */ = {isa = PBXFileReference; fileEncoding = 4; lastKnownFileType = sourcecode.c.objc; path = DiningViewController.m; sourceTree = "<group>"; };
		D708A93618A77DC4002F0B9E /* DiningDetailViewController.h */ = {isa = PBXFileReference; fileEncoding = 4; lastKnownFileType = sourcecode.c.h; path = DiningDetailViewController.h; sourceTree = "<group>"; };
		D708A93718A77DC4002F0B9E /* DiningDetailViewController.m */ = {isa = PBXFileReference; fileEncoding = 4; lastKnownFileType = sourcecode.c.objc; path = DiningDetailViewController.m; sourceTree = "<group>"; };
		D708A93918A77DE2002F0B9E /* Dining.h */ = {isa = PBXFileReference; fileEncoding = 4; lastKnownFileType = sourcecode.c.h; path = Dining.h; sourceTree = "<group>"; };
		D708A93A18A77DE2002F0B9E /* Dining.m */ = {isa = PBXFileReference; fileEncoding = 4; lastKnownFileType = sourcecode.c.objc; path = Dining.m; sourceTree = "<group>"; };
		D7C233DE18A6E0D30020A677 /* Parse.framework */ = {isa = PBXFileReference; lastKnownFileType = wrapper.framework; path = Parse.framework; sourceTree = "<group>"; };
		D7C233E018A6E0FF0020A677 /* AudioToolbox.framework */ = {isa = PBXFileReference; lastKnownFileType = wrapper.framework; name = AudioToolbox.framework; path = System/Library/Frameworks/AudioToolbox.framework; sourceTree = SDKROOT; };
		D7C233E218A6E1040020A677 /* CFNetwork.framework */ = {isa = PBXFileReference; lastKnownFileType = wrapper.framework; name = CFNetwork.framework; path = System/Library/Frameworks/CFNetwork.framework; sourceTree = SDKROOT; };
		D7C233E518A6E1100020A677 /* CoreLocation.framework */ = {isa = PBXFileReference; lastKnownFileType = wrapper.framework; name = CoreLocation.framework; path = System/Library/Frameworks/CoreLocation.framework; sourceTree = SDKROOT; };
		D7C233E718A6E11C0020A677 /* libz.1.1.3.dylib */ = {isa = PBXFileReference; lastKnownFileType = "compiled.mach-o.dylib"; name = libz.1.1.3.dylib; path = usr/lib/libz.1.1.3.dylib; sourceTree = SDKROOT; };
		D7C233E918A6E1220020A677 /* MobileCoreServices.framework */ = {isa = PBXFileReference; lastKnownFileType = wrapper.framework; name = MobileCoreServices.framework; path = System/Library/Frameworks/MobileCoreServices.framework; sourceTree = SDKROOT; };
		D7C233EB18A6E12B0020A677 /* QuartzCore.framework */ = {isa = PBXFileReference; lastKnownFileType = wrapper.framework; name = QuartzCore.framework; path = System/Library/Frameworks/QuartzCore.framework; sourceTree = SDKROOT; };
		D7C233ED18A6E1300020A677 /* Security.framework */ = {isa = PBXFileReference; lastKnownFileType = wrapper.framework; name = Security.framework; path = System/Library/Frameworks/Security.framework; sourceTree = SDKROOT; };
		D7C233EF18A6E1360020A677 /* StoreKit.framework */ = {isa = PBXFileReference; lastKnownFileType = wrapper.framework; name = StoreKit.framework; path = System/Library/Frameworks/StoreKit.framework; sourceTree = SDKROOT; };
		D7C233F118A6E13C0020A677 /* SystemConfiguration.framework */ = {isa = PBXFileReference; lastKnownFileType = wrapper.framework; name = SystemConfiguration.framework; path = System/Library/Frameworks/SystemConfiguration.framework; sourceTree = SDKROOT; };
		F419149C158D558600E54887 /* RecipeDetailViewController.h */ = {isa = PBXFileReference; fileEncoding = 4; lastKnownFileType = sourcecode.c.h; path = RecipeDetailViewController.h; sourceTree = "<group>"; };
		F419149D158D558600E54887 /* RecipeDetailViewController.m */ = {isa = PBXFileReference; fileEncoding = 4; lastKnownFileType = sourcecode.c.objc; path = RecipeDetailViewController.m; sourceTree = "<group>"; };
		F447242515D78F07004A8C72 /* Recipe.h */ = {isa = PBXFileReference; fileEncoding = 4; lastKnownFileType = sourcecode.c.h; path = Recipe.h; sourceTree = "<group>"; };
		F447242615D78F07004A8C72 /* Recipe.m */ = {isa = PBXFileReference; fileEncoding = 4; lastKnownFileType = sourcecode.c.objc; path = Recipe.m; sourceTree = "<group>"; };
		F4AA6C271589A2DF0093D97E /* RecipeBook.app */ = {isa = PBXFileReference; explicitFileType = wrapper.application; includeInIndex = 0; path = RecipeBook.app; sourceTree = BUILT_PRODUCTS_DIR; };
		F4AA6C2B1589A2DF0093D97E /* UIKit.framework */ = {isa = PBXFileReference; lastKnownFileType = wrapper.framework; name = UIKit.framework; path = System/Library/Frameworks/UIKit.framework; sourceTree = SDKROOT; };
		F4AA6C2D1589A2DF0093D97E /* Foundation.framework */ = {isa = PBXFileReference; lastKnownFileType = wrapper.framework; name = Foundation.framework; path = System/Library/Frameworks/Foundation.framework; sourceTree = SDKROOT; };
		F4AA6C2F1589A2DF0093D97E /* CoreGraphics.framework */ = {isa = PBXFileReference; lastKnownFileType = wrapper.framework; name = CoreGraphics.framework; path = System/Library/Frameworks/CoreGraphics.framework; sourceTree = SDKROOT; };
		F4AA6C331589A2DF0093D97E /* RecipeBook-Info.plist */ = {isa = PBXFileReference; lastKnownFileType = text.plist.xml; path = "RecipeBook-Info.plist"; sourceTree = "<group>"; };
		F4AA6C351589A2DF0093D97E /* en */ = {isa = PBXFileReference; lastKnownFileType = text.plist.strings; name = en; path = en.lproj/InfoPlist.strings; sourceTree = "<group>"; };
		F4AA6C371589A2DF0093D97E /* main.m */ = {isa = PBXFileReference; lastKnownFileType = sourcecode.c.objc; path = main.m; sourceTree = "<group>"; };
		F4AA6C391589A2DF0093D97E /* RecipeBook-Prefix.pch */ = {isa = PBXFileReference; lastKnownFileType = sourcecode.c.h; path = "RecipeBook-Prefix.pch"; sourceTree = "<group>"; };
		F4AA6C3A1589A2DF0093D97E /* RecipeBookAppDelegate.h */ = {isa = PBXFileReference; lastKnownFileType = sourcecode.c.h; path = RecipeBookAppDelegate.h; sourceTree = "<group>"; };
		F4AA6C3B1589A2DF0093D97E /* RecipeBookAppDelegate.m */ = {isa = PBXFileReference; lastKnownFileType = sourcecode.c.objc; path = RecipeBookAppDelegate.m; sourceTree = "<group>"; };
		F4AA6C3E1589A2DF0093D97E /* en */ = {isa = PBXFileReference; lastKnownFileType = file.storyboard; name = en; path = en.lproj/MainStoryboard.storyboard; sourceTree = "<group>"; };
		F4AA6C401589A2DF0093D97E /* RecipeBookViewController.h */ = {isa = PBXFileReference; lastKnownFileType = sourcecode.c.h; path = RecipeBookViewController.h; sourceTree = "<group>"; };
		F4AA6C411589A2DF0093D97E /* RecipeBookViewController.m */ = {isa = PBXFileReference; lastKnownFileType = sourcecode.c.objc; path = RecipeBookViewController.m; sourceTree = "<group>"; };
/* End PBXFileReference section */

/* Begin PBXFrameworksBuildPhase section */
		F4AA6C241589A2DF0093D97E /* Frameworks */ = {
			isa = PBXFrameworksBuildPhase;
			buildActionMask = 2147483647;
			files = (
				D7C233F218A6E13C0020A677 /* SystemConfiguration.framework in Frameworks */,
				D7C233F018A6E1360020A677 /* StoreKit.framework in Frameworks */,
				D7C233EE18A6E1300020A677 /* Security.framework in Frameworks */,
				D7C233EC18A6E12B0020A677 /* QuartzCore.framework in Frameworks */,
				D7C233EA18A6E1220020A677 /* MobileCoreServices.framework in Frameworks */,
				D7C233E818A6E11C0020A677 /* libz.1.1.3.dylib in Frameworks */,
				D7C233E618A6E1100020A677 /* CoreLocation.framework in Frameworks */,
				D7C233E418A6E10A0020A677 /* CoreGraphics.framework in Frameworks */,
				D7C233E318A6E1040020A677 /* CFNetwork.framework in Frameworks */,
				D7C233E118A6E0FF0020A677 /* AudioToolbox.framework in Frameworks */,
				F4AA6C2C1589A2DF0093D97E /* UIKit.framework in Frameworks */,
				D7C233DF18A6E0D30020A677 /* Parse.framework in Frameworks */,
				F4AA6C2E1589A2DF0093D97E /* Foundation.framework in Frameworks */,
			);
			runOnlyForDeploymentPostprocessing = 0;
		};
/* End PBXFrameworksBuildPhase section */

/* Begin PBXGroup section */
		F4AA6C1C1589A2DF0093D97E = {
			isa = PBXGroup;
			children = (
				93EB115218B84AA2005B67E5 /* Default-568h@2x.png */,
				F4AA6C311589A2DF0093D97E /* RecipeBook */,
				F4AA6C2A1589A2DF0093D97E /* Frameworks */,
				F4AA6C281589A2DF0093D97E /* Products */,
			);
			sourceTree = "<group>";
		};
		F4AA6C281589A2DF0093D97E /* Products */ = {
			isa = PBXGroup;
			children = (
				F4AA6C271589A2DF0093D97E /* RecipeBook.app */,
			);
			name = Products;
			sourceTree = "<group>";
		};
		F4AA6C2A1589A2DF0093D97E /* Frameworks */ = {
			isa = PBXGroup;
			children = (
				D7C233F118A6E13C0020A677 /* SystemConfiguration.framework */,
				D7C233EF18A6E1360020A677 /* StoreKit.framework */,
				D7C233ED18A6E1300020A677 /* Security.framework */,
				D7C233EB18A6E12B0020A677 /* QuartzCore.framework */,
				D7C233E918A6E1220020A677 /* MobileCoreServices.framework */,
				D7C233E718A6E11C0020A677 /* libz.1.1.3.dylib */,
				D7C233E518A6E1100020A677 /* CoreLocation.framework */,
				D7C233E218A6E1040020A677 /* CFNetwork.framework */,
				D7C233E018A6E0FF0020A677 /* AudioToolbox.framework */,
				D7C233DE18A6E0D30020A677 /* Parse.framework */,
				F4AA6C2B1589A2DF0093D97E /* UIKit.framework */,
				F4AA6C2D1589A2DF0093D97E /* Foundation.framework */,
				F4AA6C2F1589A2DF0093D97E /* CoreGraphics.framework */,
			);
			name = Frameworks;
			sourceTree = "<group>";
		};
		F4AA6C311589A2DF0093D97E /* RecipeBook */ = {
			isa = PBXGroup;
			children = (
				F4AA6C3A1589A2DF0093D97E /* RecipeBookAppDelegate.h */,
				F4AA6C3B1589A2DF0093D97E /* RecipeBookAppDelegate.m */,
				F4AA6C3D1589A2DF0093D97E /* MainStoryboard.storyboard */,
				F4AA6C401589A2DF0093D97E /* RecipeBookViewController.h */,
				F4AA6C411589A2DF0093D97E /* RecipeBookViewController.m */,
				F419149C158D558600E54887 /* RecipeDetailViewController.h */,
				F419149D158D558600E54887 /* RecipeDetailViewController.m */,
				F447242515D78F07004A8C72 /* Recipe.h */,
				F447242615D78F07004A8C72 /* Recipe.m */,
				D708A93918A77DE2002F0B9E /* Dining.h */,
				D708A93A18A77DE2002F0B9E /* Dining.m */,
				D708A93318A77D9B002F0B9E /* DiningViewController.h */,
				D708A93418A77D9B002F0B9E /* DiningViewController.m */,
				D708A93618A77DC4002F0B9E /* DiningDetailViewController.h */,
				D708A93718A77DC4002F0B9E /* DiningDetailViewController.m */,
				F4AA6C321589A2DF0093D97E /* Supporting Files */,
			);
			path = RecipeBook;
			sourceTree = "<group>";
		};
		F4AA6C321589A2DF0093D97E /* Supporting Files */ = {
			isa = PBXGroup;
			children = (
				F4AA6C331589A2DF0093D97E /* RecipeBook-Info.plist */,
				F4AA6C341589A2DF0093D97E /* InfoPlist.strings */,
				F4AA6C371589A2DF0093D97E /* main.m */,
				F4AA6C391589A2DF0093D97E /* RecipeBook-Prefix.pch */,
			);
			name = "Supporting Files";
			sourceTree = "<group>";
		};
/* End PBXGroup section */

/* Begin PBXNativeTarget section */
		F4AA6C261589A2DF0093D97E /* RecipeBook */ = {
			isa = PBXNativeTarget;
			buildConfigurationList = F4AA6C451589A2DF0093D97E /* Build configuration list for PBXNativeTarget "RecipeBook" */;
			buildPhases = (
				F4AA6C231589A2DF0093D97E /* Sources */,
				F4AA6C241589A2DF0093D97E /* Frameworks */,
				F4AA6C251589A2DF0093D97E /* Resources */,
			);
			buildRules = (
			);
			dependencies = (
			);
			name = RecipeBook;
			productName = RecipeBook;
			productReference = F4AA6C271589A2DF0093D97E /* RecipeBook.app */;
			productType = "com.apple.product-type.application";
		};
/* End PBXNativeTarget section */

/* Begin PBXProject section */
		F4AA6C1E1589A2DF0093D97E /* Project object */ = {
			isa = PBXProject;
			attributes = {
				CLASSPREFIX = RecipeBook;
				LastUpgradeCheck = 0500;
			};
			buildConfigurationList = F4AA6C211589A2DF0093D97E /* Build configuration list for PBXProject "RecipeBook" */;
			compatibilityVersion = "Xcode 3.2";
			developmentRegion = English;
			hasScannedForEncodings = 0;
			knownRegions = (
				en,
			);
			mainGroup = F4AA6C1C1589A2DF0093D97E;
			productRefGroup = F4AA6C281589A2DF0093D97E /* Products */;
			projectDirPath = "";
			projectRoot = "";
			targets = (
				F4AA6C261589A2DF0093D97E /* RecipeBook */,
			);
		};
/* End PBXProject section */

/* Begin PBXResourcesBuildPhase section */
		F4AA6C251589A2DF0093D97E /* Resources */ = {
			isa = PBXResourcesBuildPhase;
			buildActionMask = 2147483647;
			files = (
				F4AA6C361589A2DF0093D97E /* InfoPlist.strings in Resources */,
				93EB115318B84AA2005B67E5 /* Default-568h@2x.png in Resources */,
				F4AA6C3F1589A2DF0093D97E /* MainStoryboard.storyboard in Resources */,
			);
			runOnlyForDeploymentPostprocessing = 0;
		};
/* End PBXResourcesBuildPhase section */

/* Begin PBXSourcesBuildPhase section */
		F4AA6C231589A2DF0093D97E /* Sources */ = {
			isa = PBXSourcesBuildPhase;
			buildActionMask = 2147483647;
			files = (
				F4AA6C381589A2DF0093D97E /* main.m in Sources */,
				D708A93518A77D9B002F0B9E /* DiningViewController.m in Sources */,
				F4AA6C3C1589A2DF0093D97E /* RecipeBookAppDelegate.m in Sources */,
				F4AA6C421589A2DF0093D97E /* RecipeBookViewController.m in Sources */,
				D708A93B18A77DE2002F0B9E /* Dining.m in Sources */,
				F419149E158D558600E54887 /* RecipeDetailViewController.m in Sources */,
				D708A93818A77DC4002F0B9E /* DiningDetailViewController.m in Sources */,
				F447242715D78F07004A8C72 /* Recipe.m in Sources */,
			);
			runOnlyForDeploymentPostprocessing = 0;
		};
/* End PBXSourcesBuildPhase section */

/* Begin PBXVariantGroup section */
		F4AA6C341589A2DF0093D97E /* InfoPlist.strings */ = {
			isa = PBXVariantGroup;
			children = (
				F4AA6C351589A2DF0093D97E /* en */,
			);
			name = InfoPlist.strings;
			sourceTree = "<group>";
		};
		F4AA6C3D1589A2DF0093D97E /* MainStoryboard.storyboard */ = {
			isa = PBXVariantGroup;
			children = (
				F4AA6C3E1589A2DF0093D97E /* en */,
			);
			name = MainStoryboard.storyboard;
			sourceTree = "<group>";
		};
/* End PBXVariantGroup section */

/* Begin XCBuildConfiguration section */
		F4AA6C431589A2DF0093D97E /* Debug */ = {
			isa = XCBuildConfiguration;
			buildSettings = {
				ALWAYS_SEARCH_USER_PATHS = NO;
				CLANG_ENABLE_OBJC_ARC = YES;
				CLANG_WARN_BOOL_CONVERSION = YES;
				CLANG_WARN_CONSTANT_CONVERSION = YES;
				CLANG_WARN_EMPTY_BODY = YES;
				CLANG_WARN_ENUM_CONVERSION = YES;
				CLANG_WARN_INT_CONVERSION = YES;
				CLANG_WARN__DUPLICATE_METHOD_MATCH = YES;
				"CODE_SIGN_IDENTITY[sdk=iphoneos*]" = "iPhone Developer";
				COPY_PHASE_STRIP = NO;
				GCC_C_LANGUAGE_STANDARD = gnu99;
				GCC_DYNAMIC_NO_PIC = NO;
				GCC_OPTIMIZATION_LEVEL = 0;
				GCC_PREPROCESSOR_DEFINITIONS = (
					"DEBUG=1",
					"$(inherited)",
				);
				GCC_SYMBOLS_PRIVATE_EXTERN = NO;
				GCC_VERSION = com.apple.compilers.llvm.clang.1_0;
				GCC_WARN_64_TO_32_BIT_CONVERSION = YES;
				GCC_WARN_ABOUT_RETURN_TYPE = YES;
				GCC_WARN_UNDECLARED_SELECTOR = YES;
				GCC_WARN_UNINITIALIZED_AUTOS = YES;
				GCC_WARN_UNUSED_FUNCTION = YES;
				GCC_WARN_UNUSED_VARIABLE = YES;
				IPHONEOS_DEPLOYMENT_TARGET = 5.1;
				ONLY_ACTIVE_ARCH = YES;
				SDKROOT = iphoneos;
			};
			name = Debug;
		};
		F4AA6C441589A2DF0093D97E /* Release */ = {
			isa = XCBuildConfiguration;
			buildSettings = {
				ALWAYS_SEARCH_USER_PATHS = NO;
				CLANG_ENABLE_OBJC_ARC = YES;
				CLANG_WARN_BOOL_CONVERSION = YES;
				CLANG_WARN_CONSTANT_CONVERSION = YES;
				CLANG_WARN_EMPTY_BODY = YES;
				CLANG_WARN_ENUM_CONVERSION = YES;
				CLANG_WARN_INT_CONVERSION = YES;
				CLANG_WARN__DUPLICATE_METHOD_MATCH = YES;
				"CODE_SIGN_IDENTITY[sdk=iphoneos*]" = "iPhone Developer";
				COPY_PHASE_STRIP = YES;
				GCC_C_LANGUAGE_STANDARD = gnu99;
				GCC_VERSION = com.apple.compilers.llvm.clang.1_0;
				GCC_WARN_64_TO_32_BIT_CONVERSION = YES;
				GCC_WARN_ABOUT_RETURN_TYPE = YES;
				GCC_WARN_UNDECLARED_SELECTOR = YES;
				GCC_WARN_UNINITIALIZED_AUTOS = YES;
				GCC_WARN_UNUSED_FUNCTION = YES;
				GCC_WARN_UNUSED_VARIABLE = YES;
				IPHONEOS_DEPLOYMENT_TARGET = 5.1;
				OTHER_CFLAGS = "-DNS_BLOCK_ASSERTIONS=1";
				SDKROOT = iphoneos;
				VALIDATE_PRODUCT = YES;
			};
			name = Release;
		};
		F4AA6C461589A2DF0093D97E /* Debug */ = {
			isa = XCBuildConfiguration;
			buildSettings = {
				FRAMEWORK_SEARCH_PATHS = (
					"$(inherited)",
					"$(SRCROOT)",
					/Users/Leonard/Downloads/RecipeBookParseEmpty,
				);
				GCC_PRECOMPILE_PREFIX_HEADER = YES;
				GCC_PREFIX_HEADER = "RecipeBook/RecipeBook-Prefix.pch";
				INFOPLIST_FILE = "RecipeBook/RecipeBook-Info.plist";
				IPHONEOS_DEPLOYMENT_TARGET = 7.0;
				PRODUCT_NAME = "$(TARGET_NAME)";
				WRAPPER_EXTENSION = app;
			};
			name = Debug;
		};
		F4AA6C471589A2DF0093D97E /* Release */ = {
			isa = XCBuildConfiguration;
			buildSettings = {
				FRAMEWORK_SEARCH_PATHS = (
					"$(inherited)",
					"$(SRCROOT)",
					/Users/Leonard/Downloads/RecipeBookParseEmpty,
				);
				GCC_PRECOMPILE_PREFIX_HEADER = YES;
				GCC_PREFIX_HEADER = "RecipeBook/RecipeBook-Prefix.pch";
				INFOPLIST_FILE = "RecipeBook/RecipeBook-Info.plist";
				IPHONEOS_DEPLOYMENT_TARGET = 7.0;
				PRODUCT_NAME = "$(TARGET_NAME)";
				WRAPPER_EXTENSION = app;
			};
			name = Release;
		};
/* End XCBuildConfiguration section */

/* Begin XCConfigurationList section */
		F4AA6C211589A2DF0093D97E /* Build configuration list for PBXProject "RecipeBook" */ = {
			isa = XCConfigurationList;
			buildConfigurations = (
				F4AA6C431589A2DF0093D97E /* Debug */,
				F4AA6C441589A2DF0093D97E /* Release */,
			);
			defaultConfigurationIsVisible = 0;
			defaultConfigurationName = Release;
		};
		F4AA6C451589A2DF0093D97E /* Build configuration list for PBXNativeTarget "RecipeBook" */ = {
			isa = XCConfigurationList;
			buildConfigurations = (
				F4AA6C461589A2DF0093D97E /* Debug */,
				F4AA6C471589A2DF0093D97E /* Release */,
			);
			defaultConfigurationIsVisible = 0;
			defaultConfigurationName = Release;
		};
/* End XCConfigurationList section */
	};
	rootObject = F4AA6C1E1589A2DF0093D97E /* Project object */;
}
