// !$*UTF8*$!
{
	archiveVersion = 1;
	classes = {
	};
	objectVersion = 46;
	objects = {

/* Begin PBXBuildFile section */
		9338481618F2082B008F6967 /* Delivery Icon.png in Resources */ = {isa = PBXBuildFile; fileRef = 9338481518F2082B008F6967 /* Delivery Icon.png */; };
		9338481818F20A22008F6967 /* Gym Pool Icon.png in Resources */ = {isa = PBXBuildFile; fileRef = 9338481718F20A22008F6967 /* Gym Pool Icon.png */; };
		9338481A18F20B79008F6967 /* Dining Icon.png in Resources */ = {isa = PBXBuildFile; fileRef = 9338481918F20B79008F6967 /* Dining Icon.png */; };
		9338481C18F20D57008F6967 /* 5C Companion 120.png in Resources */ = {isa = PBXBuildFile; fileRef = 9338481B18F20D57008F6967 /* 5C Companion 120.png */; };
		9376818A18CA6C3900A5BEB8 /* EateriesIcon.png in Resources */ = {isa = PBXBuildFile; fileRef = 9376818918CA6C3900A5BEB8 /* EateriesIcon.png */; };
		9395372D191017CE00AD8F85 /* GoogleMaps.framework in Frameworks */ = {isa = PBXBuildFile; fileRef = 9395372C191017CE00AD8F85 /* GoogleMaps.framework */; };
		9395372F191017FA00AD8F85 /* GoogleMaps.bundle in Resources */ = {isa = PBXBuildFile; fileRef = 9395372E191017FA00AD8F85 /* GoogleMaps.bundle */; };
		93EB115318B84AA2005B67E5 /* Default-568h@2x.png in Resources */ = {isa = PBXBuildFile; fileRef = 93EB115218B84AA2005B67E5 /* Default-568h@2x.png */; };
		D72188E918F7351D00B87621 /* mapViewController.m in Sources */ = {isa = PBXBuildFile; fileRef = D72188E818F7351D00B87621 /* mapViewController.m */; };
		D72188EB18F7371D00B87621 /* AVFoundation.framework in Frameworks */ = {isa = PBXBuildFile; fileRef = D72188EA18F7371D00B87621 /* AVFoundation.framework */; };
		D72188ED18F7372900B87621 /* CoreData.framework in Frameworks */ = {isa = PBXBuildFile; fileRef = D72188EC18F7372900B87621 /* CoreData.framework */; };
		D72188EF18F7373600B87621 /* CoreText.framework in Frameworks */ = {isa = PBXBuildFile; fileRef = D72188EE18F7373600B87621 /* CoreText.framework */; };
		D72188F118F7374400B87621 /* GLKit.framework in Frameworks */ = {isa = PBXBuildFile; fileRef = D72188F018F7374400B87621 /* GLKit.framework */; };
		D72188F318F7374C00B87621 /* ImageIO.framework in Frameworks */ = {isa = PBXBuildFile; fileRef = D72188F218F7374C00B87621 /* ImageIO.framework */; };
		D72188F518F7375900B87621 /* libc++.dylib in Frameworks */ = {isa = PBXBuildFile; fileRef = D72188F418F7375900B87621 /* libc++.dylib */; };
		D72188F718F7376300B87621 /* libicucore.dylib in Frameworks */ = {isa = PBXBuildFile; fileRef = D72188F618F7376300B87621 /* libicucore.dylib */; };
		D72188F918F7376D00B87621 /* libz.dylib in Frameworks */ = {isa = PBXBuildFile; fileRef = D72188F818F7376D00B87621 /* libz.dylib */; };
		D72188FB18F7377400B87621 /* OpenGLES.framework in Frameworks */ = {isa = PBXBuildFile; fileRef = D72188FA18F7377400B87621 /* OpenGLES.framework */; };
		D72188FD18F7381C00B87621 /* FBMissingSymbols.m in Sources */ = {isa = PBXBuildFile; fileRef = D72188FC18F7381C00B87621 /* FBMissingSymbols.m */; };
		D72F05C718EB5EE9003176D7 /* selected.png in Resources */ = {isa = PBXBuildFile; fileRef = D72F05C518EB5EE9003176D7 /* selected.png */; };
		D72F05C818EB5EE9003176D7 /* unselected.png in Resources */ = {isa = PBXBuildFile; fileRef = D72F05C618EB5EE9003176D7 /* unselected.png */; };
		D7A032651A4DE2F900E0BA49 /* Loading Screen.png in Resources */ = {isa = PBXBuildFile; fileRef = D7A032641A4DE2F900E0BA49 /* Loading Screen.png */; };
		D7C233DF18A6E0D30020A677 /* Parse.framework in Frameworks */ = {isa = PBXBuildFile; fileRef = D7C233DE18A6E0D30020A677 /* Parse.framework */; };
		D7C233E118A6E0FF0020A677 /* AudioToolbox.framework in Frameworks */ = {isa = PBXBuildFile; fileRef = D7C233E018A6E0FF0020A677 /* AudioToolbox.framework */; };
		D7C233E318A6E1040020A677 /* CFNetwork.framework in Frameworks */ = {isa = PBXBuildFile; fileRef = D7C233E218A6E1040020A677 /* CFNetwork.framework */; };
		D7C233E418A6E10A0020A677 /* CoreGraphics.framework in Frameworks */ = {isa = PBXBuildFile; fileRef = F4AA6C2F1589A2DF0093D97E /* CoreGraphics.framework */; };
		D7C233E618A6E1100020A677 /* CoreLocation.framework in Frameworks */ = {isa = PBXBuildFile; fileRef = D7C233E518A6E1100020A677 /* CoreLocation.framework */; };
		D7C233E818A6E11C0020A677 /* libz.1.1.3.dylib in Frameworks */ = {isa = PBXBuildFile; fileRef = D7C233E718A6E11C0020A677 /* libz.1.1.3.dylib */; };
		D7C233EA18A6E1220020A677 /* MobileCoreServices.framework in Frameworks */ = {isa = PBXBuildFile; fileRef = D7C233E918A6E1220020A677 /* MobileCoreServices.framework */; };
		D7C233EC18A6E12B0020A677 /* QuartzCore.framework in Frameworks */ = {isa = PBXBuildFile; fileRef = D7C233EB18A6E12B0020A677 /* QuartzCore.framework */; };
		D7C233EE18A6E1300020A677 /* Security.framework in Frameworks */ = {isa = PBXBuildFile; fileRef = D7C233ED18A6E1300020A677 /* Security.framework */; };
		D7C233F018A6E1360020A677 /* StoreKit.framework in Frameworks */ = {isa = PBXBuildFile; fileRef = D7C233EF18A6E1360020A677 /* StoreKit.framework */; };
		D7C233F218A6E13C0020A677 /* SystemConfiguration.framework in Frameworks */ = {isa = PBXBuildFile; fileRef = D7C233F118A6E13C0020A677 /* SystemConfiguration.framework */; };
		F419149E158D558600E54887 /* PlaceDetailViewController.m in Sources */ = {isa = PBXBuildFile; fileRef = F419149D158D558600E54887 /* PlaceDetailViewController.m */; };
		F447242715D78F07004A8C72 /* Place.m in Sources */ = {isa = PBXBuildFile; fileRef = F447242615D78F07004A8C72 /* Place.m */; };
		F4AA6C2C1589A2DF0093D97E /* UIKit.framework in Frameworks */ = {isa = PBXBuildFile; fileRef = F4AA6C2B1589A2DF0093D97E /* UIKit.framework */; };
		F4AA6C2E1589A2DF0093D97E /* Foundation.framework in Frameworks */ = {isa = PBXBuildFile; fileRef = F4AA6C2D1589A2DF0093D97E /* Foundation.framework */; };
		F4AA6C361589A2DF0093D97E /* InfoPlist.strings in Resources */ = {isa = PBXBuildFile; fileRef = F4AA6C341589A2DF0093D97E /* InfoPlist.strings */; };
		F4AA6C381589A2DF0093D97E /* main.m in Sources */ = {isa = PBXBuildFile; fileRef = F4AA6C371589A2DF0093D97E /* main.m */; };
		F4AA6C3C1589A2DF0093D97E /* CompanionAppDelegate.m in Sources */ = {isa = PBXBuildFile; fileRef = F4AA6C3B1589A2DF0093D97E /* CompanionAppDelegate.m */; };
		F4AA6C3F1589A2DF0093D97E /* MainStoryboard.storyboard in Resources */ = {isa = PBXBuildFile; fileRef = F4AA6C3D1589A2DF0093D97E /* MainStoryboard.storyboard */; };
		F4AA6C421589A2DF0093D97E /* PlaceViewController.m in Sources */ = {isa = PBXBuildFile; fileRef = F4AA6C411589A2DF0093D97E /* PlaceViewController.m */; };
/* End PBXBuildFile section */

/* Begin PBXFileReference section */
		9338481518F2082B008F6967 /* Delivery Icon.png */ = {isa = PBXFileReference; lastKnownFileType = image.png; path = "Delivery Icon.png"; sourceTree = "<group>"; };
		9338481718F20A22008F6967 /* Gym Pool Icon.png */ = {isa = PBXFileReference; lastKnownFileType = image.png; path = "Gym Pool Icon.png"; sourceTree = "<group>"; };
		9338481918F20B79008F6967 /* Dining Icon.png */ = {isa = PBXFileReference; lastKnownFileType = image.png; path = "Dining Icon.png"; sourceTree = "<group>"; };
		9338481B18F20D57008F6967 /* 5C Companion 120.png */ = {isa = PBXFileReference; lastKnownFileType = image.png; path = "5C Companion 120.png"; sourceTree = "<group>"; };
		9376818918CA6C3900A5BEB8 /* EateriesIcon.png */ = {isa = PBXFileReference; lastKnownFileType = image.png; path = EateriesIcon.png; sourceTree = "<group>"; };
		9395372C191017CE00AD8F85 /* GoogleMaps.framework */ = {isa = PBXFileReference; lastKnownFileType = wrapper.framework; path = GoogleMaps.framework; sourceTree = "<group>"; };
		9395372E191017FA00AD8F85 /* GoogleMaps.bundle */ = {isa = PBXFileReference; lastKnownFileType = "wrapper.plug-in"; name = GoogleMaps.bundle; path = GoogleMaps.framework/Versions/A/Resources/GoogleMaps.bundle; sourceTree = "<group>"; };
		93EB115218B84AA2005B67E5 /* Default-568h@2x.png */ = {isa = PBXFileReference; lastKnownFileType = image.png; path = "Default-568h@2x.png"; sourceTree = "<group>"; };
		D72188E718F7351100B87621 /* mapViewController.h */ = {isa = PBXFileReference; lastKnownFileType = sourcecode.c.h; path = mapViewController.h; sourceTree = "<group>"; };
		D72188E818F7351D00B87621 /* mapViewController.m */ = {isa = PBXFileReference; fileEncoding = 4; lastKnownFileType = sourcecode.c.objc; path = mapViewController.m; sourceTree = "<group>"; };
		D72188EA18F7371D00B87621 /* AVFoundation.framework */ = {isa = PBXFileReference; lastKnownFileType = wrapper.framework; name = AVFoundation.framework; path = System/Library/Frameworks/AVFoundation.framework; sourceTree = SDKROOT; };
		D72188EC18F7372900B87621 /* CoreData.framework */ = {isa = PBXFileReference; lastKnownFileType = wrapper.framework; name = CoreData.framework; path = System/Library/Frameworks/CoreData.framework; sourceTree = SDKROOT; };
		D72188EE18F7373600B87621 /* CoreText.framework */ = {isa = PBXFileReference; lastKnownFileType = wrapper.framework; name = CoreText.framework; path = System/Library/Frameworks/CoreText.framework; sourceTree = SDKROOT; };
		D72188F018F7374400B87621 /* GLKit.framework */ = {isa = PBXFileReference; lastKnownFileType = wrapper.framework; name = GLKit.framework; path = System/Library/Frameworks/GLKit.framework; sourceTree = SDKROOT; };
		D72188F218F7374C00B87621 /* ImageIO.framework */ = {isa = PBXFileReference; lastKnownFileType = wrapper.framework; name = ImageIO.framework; path = System/Library/Frameworks/ImageIO.framework; sourceTree = SDKROOT; };
		D72188F418F7375900B87621 /* libc++.dylib */ = {isa = PBXFileReference; lastKnownFileType = "compiled.mach-o.dylib"; name = "libc++.dylib"; path = "usr/lib/libc++.dylib"; sourceTree = SDKROOT; };
		D72188F618F7376300B87621 /* libicucore.dylib */ = {isa = PBXFileReference; lastKnownFileType = "compiled.mach-o.dylib"; name = libicucore.dylib; path = usr/lib/libicucore.dylib; sourceTree = SDKROOT; };
		D72188F818F7376D00B87621 /* libz.dylib */ = {isa = PBXFileReference; lastKnownFileType = "compiled.mach-o.dylib"; name = libz.dylib; path = usr/lib/libz.dylib; sourceTree = SDKROOT; };
		D72188FA18F7377400B87621 /* OpenGLES.framework */ = {isa = PBXFileReference; lastKnownFileType = wrapper.framework; name = OpenGLES.framework; path = System/Library/Frameworks/OpenGLES.framework; sourceTree = SDKROOT; };
		D72188FC18F7381C00B87621 /* FBMissingSymbols.m */ = {isa = PBXFileReference; fileEncoding = 4; lastKnownFileType = sourcecode.c.objc; path = FBMissingSymbols.m; sourceTree = "<group>"; };
		D72F05C518EB5EE9003176D7 /* selected.png */ = {isa = PBXFileReference; lastKnownFileType = image.png; path = selected.png; sourceTree = "<group>"; };
		D72F05C618EB5EE9003176D7 /* unselected.png */ = {isa = PBXFileReference; lastKnownFileType = image.png; path = unselected.png; sourceTree = "<group>"; };
		D7A032641A4DE2F900E0BA49 /* Loading Screen.png */ = {isa = PBXFileReference; lastKnownFileType = image.png; path = "Loading Screen.png"; sourceTree = "<group>"; };
		D7C233DE18A6E0D30020A677 /* Parse.framework */ = {isa = PBXFileReference; lastKnownFileType = wrapper.framework; path = Parse.framework; sourceTree = "<group>"; };
		D7C233E018A6E0FF0020A677 /* AudioToolbox.framework */ = {isa = PBXFileReference; lastKnownFileType = wrapper.framework; name = AudioToolbox.framework; path = System/Library/Frameworks/AudioToolbox.framework; sourceTree = SDKROOT; };
		D7C233E218A6E1040020A677 /* CFNetwork.framework */ = {isa = PBXFileReference; lastKnownFileType = wrapper.framework; name = CFNetwork.framework; path = System/Library/Frameworks/CFNetwork.framework; sourceTree = SDKROOT; };
		D7C233E518A6E1100020A677 /* CoreLocation.framework */ = {isa = PBXFileReference; lastKnownFileType = wrapper.framework; name = CoreLocation.framework; path = System/Library/Frameworks/CoreLocation.framework; sourceTree = SDKROOT; };
		D7C233E718A6E11C0020A677 /* libz.1.1.3.dylib */ = {isa = PBXFileReference; lastKnownFileType = "compiled.mach-o.dylib"; name = libz.1.1.3.dylib; path = usr/lib/libz.1.1.3.dylib; sourceTree = SDKROOT; };
		D7C233E918A6E1220020A677 /* MobileCoreServices.framework */ = {isa = PBXFileReference; lastKnownFileType = wrapper.framework; name = MobileCoreServices.framework; path = System/Library/Frameworks/MobileCoreServices.framework; sourceTree = SDKROOT; };
		D7C233EB18A6E12B0020A677 /* QuartzCore.framework */ = {isa = PBXFileReference; lastKnownFileType = wrapper.framework; name = QuartzCore.framework; path = System/Library/Frameworks/QuartzCore.framework; sourceTree = SDKROOT; };
		D7C233ED18A6E1300020A677 /* Security.framework */ = {isa = PBXFileReference; lastKnownFileType = wrapper.framework; name = Security.framework; path = System/Library/Frameworks/Security.framework; sourceTree = SDKROOT; };
		D7C233EF18A6E1360020A677 /* StoreKit.framework */ = {isa = PBXFileReference; lastKnownFileType = wrapper.framework; name = StoreKit.framework; path = System/Library/Frameworks/StoreKit.framework; sourceTree = SDKROOT; };
		D7C233F118A6E13C0020A677 /* SystemConfiguration.framework */ = {isa = PBXFileReference; lastKnownFileType = wrapper.framework; name = SystemConfiguration.framework; path = System/Library/Frameworks/SystemConfiguration.framework; sourceTree = SDKROOT; };
		F419149C158D558600E54887 /* PlaceDetailViewController.h */ = {isa = PBXFileReference; fileEncoding = 4; lastKnownFileType = sourcecode.c.h; path = PlaceDetailViewController.h; sourceTree = "<group>"; };
		F419149D158D558600E54887 /* PlaceDetailViewController.m */ = {isa = PBXFileReference; fileEncoding = 4; lastKnownFileType = sourcecode.c.objc; path = PlaceDetailViewController.m; sourceTree = "<group>"; };
		F447242515D78F07004A8C72 /* Place.h */ = {isa = PBXFileReference; fileEncoding = 4; lastKnownFileType = sourcecode.c.h; path = Place.h; sourceTree = "<group>"; };
		F447242615D78F07004A8C72 /* Place.m */ = {isa = PBXFileReference; fileEncoding = 4; lastKnownFileType = sourcecode.c.objc; path = Place.m; sourceTree = "<group>"; };
		F4AA6C271589A2DF0093D97E /* 5CCompanion.app */ = {isa = PBXFileReference; explicitFileType = wrapper.application; includeInIndex = 0; path = 5CCompanion.app; sourceTree = BUILT_PRODUCTS_DIR; };
		F4AA6C2B1589A2DF0093D97E /* UIKit.framework */ = {isa = PBXFileReference; lastKnownFileType = wrapper.framework; name = UIKit.framework; path = System/Library/Frameworks/UIKit.framework; sourceTree = SDKROOT; };
		F4AA6C2D1589A2DF0093D97E /* Foundation.framework */ = {isa = PBXFileReference; lastKnownFileType = wrapper.framework; name = Foundation.framework; path = System/Library/Frameworks/Foundation.framework; sourceTree = SDKROOT; };
		F4AA6C2F1589A2DF0093D97E /* CoreGraphics.framework */ = {isa = PBXFileReference; lastKnownFileType = wrapper.framework; name = CoreGraphics.framework; path = System/Library/Frameworks/CoreGraphics.framework; sourceTree = SDKROOT; };
		F4AA6C331589A2DF0093D97E /* 5CCompanion-Info.plist */ = {isa = PBXFileReference; lastKnownFileType = text.plist.xml; path = "5CCompanion-Info.plist"; sourceTree = "<group>"; };
		F4AA6C351589A2DF0093D97E /* en */ = {isa = PBXFileReference; lastKnownFileType = text.plist.strings; name = en; path = en.lproj/InfoPlist.strings; sourceTree = "<group>"; };
		F4AA6C371589A2DF0093D97E /* main.m */ = {isa = PBXFileReference; lastKnownFileType = sourcecode.c.objc; path = main.m; sourceTree = "<group>"; };
		F4AA6C391589A2DF0093D97E /* 5CCompanion-Prefix.pch */ = {isa = PBXFileReference; lastKnownFileType = sourcecode.c.h; path = "5CCompanion-Prefix.pch"; sourceTree = "<group>"; };
		F4AA6C3A1589A2DF0093D97E /* CompanionAppDelegate.h */ = {isa = PBXFileReference; lastKnownFileType = sourcecode.c.h; path = CompanionAppDelegate.h; sourceTree = "<group>"; };
		F4AA6C3B1589A2DF0093D97E /* CompanionAppDelegate.m */ = {isa = PBXFileReference; lastKnownFileType = sourcecode.c.objc; path = CompanionAppDelegate.m; sourceTree = "<group>"; };
		F4AA6C3E1589A2DF0093D97E /* en */ = {isa = PBXFileReference; lastKnownFileType = file.storyboard; name = en; path = en.lproj/MainStoryboard.storyboard; sourceTree = "<group>"; };
		F4AA6C401589A2DF0093D97E /* PlaceViewController.h */ = {isa = PBXFileReference; lastKnownFileType = sourcecode.c.h; path = PlaceViewController.h; sourceTree = "<group>"; };
		F4AA6C411589A2DF0093D97E /* PlaceViewController.m */ = {isa = PBXFileReference; lastKnownFileType = sourcecode.c.objc; path = PlaceViewController.m; sourceTree = "<group>"; };
/* End PBXFileReference section */

/* Begin PBXFrameworksBuildPhase section */
		F4AA6C241589A2DF0093D97E /* Frameworks */ = {
			isa = PBXFrameworksBuildPhase;
			buildActionMask = 2147483647;
			files = (
				D72188FB18F7377400B87621 /* OpenGLES.framework in Frameworks */,
				D72188F918F7376D00B87621 /* libz.dylib in Frameworks */,
				D72188F718F7376300B87621 /* libicucore.dylib in Frameworks */,
				D72188F518F7375900B87621 /* libc++.dylib in Frameworks */,
				D72188F318F7374C00B87621 /* ImageIO.framework in Frameworks */,
				D72188F118F7374400B87621 /* GLKit.framework in Frameworks */,
				D72188EF18F7373600B87621 /* CoreText.framework in Frameworks */,
				D72188ED18F7372900B87621 /* CoreData.framework in Frameworks */,
				D72188EB18F7371D00B87621 /* AVFoundation.framework in Frameworks */,
				D7C233F218A6E13C0020A677 /* SystemConfiguration.framework in Frameworks */,
				D7C233F018A6E1360020A677 /* StoreKit.framework in Frameworks */,
				D7C233EE18A6E1300020A677 /* Security.framework in Frameworks */,
				D7C233EC18A6E12B0020A677 /* QuartzCore.framework in Frameworks */,
				D7C233EA18A6E1220020A677 /* MobileCoreServices.framework in Frameworks */,
				D7C233E818A6E11C0020A677 /* libz.1.1.3.dylib in Frameworks */,
				D7C233E618A6E1100020A677 /* CoreLocation.framework in Frameworks */,
				D7C233E418A6E10A0020A677 /* CoreGraphics.framework in Frameworks */,
				D7C233E318A6E1040020A677 /* CFNetwork.framework in Frameworks */,
				D7C233E118A6E0FF0020A677 /* AudioToolbox.framework in Frameworks */,
				F4AA6C2C1589A2DF0093D97E /* UIKit.framework in Frameworks */,
				D7C233DF18A6E0D30020A677 /* Parse.framework in Frameworks */,
				F4AA6C2E1589A2DF0093D97E /* Foundation.framework in Frameworks */,
				9395372D191017CE00AD8F85 /* GoogleMaps.framework in Frameworks */,
			);
			runOnlyForDeploymentPostprocessing = 0;
		};
/* End PBXFrameworksBuildPhase section */

/* Begin PBXGroup section */
		D72F05DA18ECA9FC003176D7 /* Place */ = {
			isa = PBXGroup;
			children = (
				F447242515D78F07004A8C72 /* Place.h */,
				F447242615D78F07004A8C72 /* Place.m */,
				F4AA6C401589A2DF0093D97E /* PlaceViewController.h */,
				F4AA6C411589A2DF0093D97E /* PlaceViewController.m */,
				F419149C158D558600E54887 /* PlaceDetailViewController.h */,
				F419149D158D558600E54887 /* PlaceDetailViewController.m */,
			);
			name = Place;
			sourceTree = "<group>";
		};
		F4AA6C1C1589A2DF0093D97E = {
			isa = PBXGroup;
			children = (
				93EB115218B84AA2005B67E5 /* Default-568h@2x.png */,
				F4AA6C311589A2DF0093D97E /* 5CCompanion */,
				F4AA6C2A1589A2DF0093D97E /* Frameworks */,
				F4AA6C281589A2DF0093D97E /* Products */,
			);
			sourceTree = "<group>";
		};
		F4AA6C281589A2DF0093D97E /* Products */ = {
			isa = PBXGroup;
			children = (
				F4AA6C271589A2DF0093D97E /* 5CCompanion.app */,
			);
			name = Products;
			sourceTree = "<group>";
		};
		F4AA6C2A1589A2DF0093D97E /* Frameworks */ = {
			isa = PBXGroup;
			children = (
				9395372E191017FA00AD8F85 /* GoogleMaps.bundle */,
				9395372C191017CE00AD8F85 /* GoogleMaps.framework */,
				D72188FA18F7377400B87621 /* OpenGLES.framework */,
				D72188F818F7376D00B87621 /* libz.dylib */,
				D72188F618F7376300B87621 /* libicucore.dylib */,
				D72188F418F7375900B87621 /* libc++.dylib */,
				D72188F218F7374C00B87621 /* ImageIO.framework */,
				D72188F018F7374400B87621 /* GLKit.framework */,
				D72188EE18F7373600B87621 /* CoreText.framework */,
				D72188EC18F7372900B87621 /* CoreData.framework */,
				D72188EA18F7371D00B87621 /* AVFoundation.framework */,
				D7C233F118A6E13C0020A677 /* SystemConfiguration.framework */,
				D7C233EF18A6E1360020A677 /* StoreKit.framework */,
				D7C233ED18A6E1300020A677 /* Security.framework */,
				D7C233EB18A6E12B0020A677 /* QuartzCore.framework */,
				D7C233E918A6E1220020A677 /* MobileCoreServices.framework */,
				D7C233E718A6E11C0020A677 /* libz.1.1.3.dylib */,
				D7C233E518A6E1100020A677 /* CoreLocation.framework */,
				D7C233E218A6E1040020A677 /* CFNetwork.framework */,
				D7C233E018A6E0FF0020A677 /* AudioToolbox.framework */,
				D7C233DE18A6E0D30020A677 /* Parse.framework */,
				F4AA6C2B1589A2DF0093D97E /* UIKit.framework */,
				F4AA6C2D1589A2DF0093D97E /* Foundation.framework */,
				F4AA6C2F1589A2DF0093D97E /* CoreGraphics.framework */,
			);
			name = Frameworks;
			sourceTree = "<group>";
		};
		F4AA6C311589A2DF0093D97E /* 5CCompanion */ = {
			isa = PBXGroup;
			children = (
				D72188FC18F7381C00B87621 /* FBMissingSymbols.m */,
				F4AA6C3A1589A2DF0093D97E /* CompanionAppDelegate.h */,
				F4AA6C3B1589A2DF0093D97E /* CompanionAppDelegate.m */,
				F4AA6C3D1589A2DF0093D97E /* MainStoryboard.storyboard */,
				D72188E718F7351100B87621 /* mapViewController.h */,
				D72188E818F7351D00B87621 /* mapViewController.m */,
				D72F05DA18ECA9FC003176D7 /* Place */,
				F4AA6C321589A2DF0093D97E /* Supporting Files */,
			);
			name = 5CCompanion;
			path = RecipeBook;
			sourceTree = "<group>";
		};
		F4AA6C321589A2DF0093D97E /* Supporting Files */ = {
			isa = PBXGroup;
			children = (
				D7A032641A4DE2F900E0BA49 /* Loading Screen.png */,
				D72F05C518EB5EE9003176D7 /* selected.png */,
				9338481718F20A22008F6967 /* Gym Pool Icon.png */,
				9338481918F20B79008F6967 /* Dining Icon.png */,
				9338481B18F20D57008F6967 /* 5C Companion 120.png */,
				D72F05C618EB5EE9003176D7 /* unselected.png */,
				9338481518F2082B008F6967 /* Delivery Icon.png */,
				9376818918CA6C3900A5BEB8 /* EateriesIcon.png */,
				F4AA6C331589A2DF0093D97E /* 5CCompanion-Info.plist */,
				F4AA6C341589A2DF0093D97E /* InfoPlist.strings */,
				F4AA6C371589A2DF0093D97E /* main.m */,
				F4AA6C391589A2DF0093D97E /* 5CCompanion-Prefix.pch */,
			);
			name = "Supporting Files";
			sourceTree = "<group>";
		};
/* End PBXGroup section */

/* Begin PBXNativeTarget section */
		F4AA6C261589A2DF0093D97E /* 5CCompanion */ = {
			isa = PBXNativeTarget;
			buildConfigurationList = F4AA6C451589A2DF0093D97E /* Build configuration list for PBXNativeTarget "5CCompanion" */;
			buildPhases = (
				F4AA6C231589A2DF0093D97E /* Sources */,
				F4AA6C241589A2DF0093D97E /* Frameworks */,
				F4AA6C251589A2DF0093D97E /* Resources */,
			);
			buildRules = (
			);
			dependencies = (
			);
			name = 5CCompanion;
			productName = RecipeBook;
			productReference = F4AA6C271589A2DF0093D97E /* 5CCompanion.app */;
			productType = "com.apple.product-type.application";
		};
/* End PBXNativeTarget section */

/* Begin PBXProject section */
		F4AA6C1E1589A2DF0093D97E /* Project object */ = {
			isa = PBXProject;
			attributes = {
				CLASSPREFIX = RecipeBook;
				LastUpgradeCheck = 0500;
				TargetAttributes = {
					F4AA6C261589A2DF0093D97E = {
						DevelopmentTeam = Q4G3385KDP;
					};
				};
			};
			buildConfigurationList = F4AA6C211589A2DF0093D97E /* Build configuration list for PBXProject "5CCompanion" */;
			compatibilityVersion = "Xcode 3.2";
			developmentRegion = English;
			hasScannedForEncodings = 0;
			knownRegions = (
				en,
			);
			mainGroup = F4AA6C1C1589A2DF0093D97E;
			productRefGroup = F4AA6C281589A2DF0093D97E /* Products */;
			projectDirPath = "";
			projectRoot = "";
			targets = (
				F4AA6C261589A2DF0093D97E /* 5CCompanion */,
			);
		};
/* End PBXProject section */

/* Begin PBXResourcesBuildPhase section */
		F4AA6C251589A2DF0093D97E /* Resources */ = {
			isa = PBXResourcesBuildPhase;
			buildActionMask = 2147483647;
			files = (
				9376818A18CA6C3900A5BEB8 /* EateriesIcon.png in Resources */,
				9395372F191017FA00AD8F85 /* GoogleMaps.bundle in Resources */,
				9338481818F20A22008F6967 /* Gym Pool Icon.png in Resources */,
				9338481C18F20D57008F6967 /* 5C Companion 120.png in Resources */,
				9338481A18F20B79008F6967 /* Dining Icon.png in Resources */,
				9338481618F2082B008F6967 /* Delivery Icon.png in Resources */,
				F4AA6C361589A2DF0093D97E /* InfoPlist.strings in Resources */,
				D72F05C718EB5EE9003176D7 /* selected.png in Resources */,
				D72F05C818EB5EE9003176D7 /* unselected.png in Resources */,
				93EB115318B84AA2005B67E5 /* Default-568h@2x.png in Resources */,
				D7A032651A4DE2F900E0BA49 /* Loading Screen.png in Resources */,
				F4AA6C3F1589A2DF0093D97E /* MainStoryboard.storyboard in Resources */,
			);
			runOnlyForDeploymentPostprocessing = 0;
		};
/* End PBXResourcesBuildPhase section */

/* Begin PBXSourcesBuildPhase section */
		F4AA6C231589A2DF0093D97E /* Sources */ = {
			isa = PBXSourcesBuildPhase;
			buildActionMask = 2147483647;
			files = (
				F4AA6C381589A2DF0093D97E /* main.m in Sources */,
				D72188FD18F7381C00B87621 /* FBMissingSymbols.m in Sources */,
				F4AA6C3C1589A2DF0093D97E /* CompanionAppDelegate.m in Sources */,
				F4AA6C421589A2DF0093D97E /* PlaceViewController.m in Sources */,
				F419149E158D558600E54887 /* PlaceDetailViewController.m in Sources */,
				D72188E918F7351D00B87621 /* mapViewController.m in Sources */,
				F447242715D78F07004A8C72 /* Place.m in Sources */,
			);
			runOnlyForDeploymentPostprocessing = 0;
		};
/* End PBXSourcesBuildPhase section */

/* Begin PBXVariantGroup section */
		F4AA6C341589A2DF0093D97E /* InfoPlist.strings */ = {
			isa = PBXVariantGroup;
			children = (
				F4AA6C351589A2DF0093D97E /* en */,
			);
			name = InfoPlist.strings;
			sourceTree = "<group>";
		};
		F4AA6C3D1589A2DF0093D97E /* MainStoryboard.storyboard */ = {
			isa = PBXVariantGroup;
			children = (
				F4AA6C3E1589A2DF0093D97E /* en */,
			);
			name = MainStoryboard.storyboard;
			sourceTree = "<group>";
		};
/* End PBXVariantGroup section */

/* Begin XCBuildConfiguration section */
		F4AA6C431589A2DF0093D97E /* Debug */ = {
			isa = XCBuildConfiguration;
			buildSettings = {
				ALWAYS_SEARCH_USER_PATHS = NO;
				CLANG_ENABLE_OBJC_ARC = YES;
				CLANG_WARN_BOOL_CONVERSION = YES;
				CLANG_WARN_CONSTANT_CONVERSION = YES;
				CLANG_WARN_EMPTY_BODY = YES;
				CLANG_WARN_ENUM_CONVERSION = YES;
				CLANG_WARN_INT_CONVERSION = YES;
				CLANG_WARN__DUPLICATE_METHOD_MATCH = YES;
				"CODE_SIGN_IDENTITY[sdk=iphoneos*]" = "iPhone Developer";
				COPY_PHASE_STRIP = NO;
				GCC_C_LANGUAGE_STANDARD = gnu99;
				GCC_DYNAMIC_NO_PIC = NO;
				GCC_OPTIMIZATION_LEVEL = 0;
				GCC_PREPROCESSOR_DEFINITIONS = (
					"DEBUG=1",
					"$(inherited)",
				);
				GCC_SYMBOLS_PRIVATE_EXTERN = NO;
				GCC_VERSION = com.apple.compilers.llvm.clang.1_0;
				GCC_WARN_64_TO_32_BIT_CONVERSION = YES;
				GCC_WARN_ABOUT_RETURN_TYPE = YES;
				GCC_WARN_UNDECLARED_SELECTOR = YES;
				GCC_WARN_UNINITIALIZED_AUTOS = YES;
				GCC_WARN_UNUSED_FUNCTION = YES;
				GCC_WARN_UNUSED_VARIABLE = YES;
				IPHONEOS_DEPLOYMENT_TARGET = 7.1;
				ONLY_ACTIVE_ARCH = YES;
				SDKROOT = iphoneos;
			};
			name = Debug;
		};
		F4AA6C441589A2DF0093D97E /* Release */ = {
			isa = XCBuildConfiguration;
			buildSettings = {
				ALWAYS_SEARCH_USER_PATHS = NO;
				CLANG_ENABLE_OBJC_ARC = YES;
				CLANG_WARN_BOOL_CONVERSION = YES;
				CLANG_WARN_CONSTANT_CONVERSION = YES;
				CLANG_WARN_EMPTY_BODY = YES;
				CLANG_WARN_ENUM_CONVERSION = YES;
				CLANG_WARN_INT_CONVERSION = YES;
				CLANG_WARN__DUPLICATE_METHOD_MATCH = YES;
				"CODE_SIGN_IDENTITY[sdk=iphoneos*]" = "iPhone Developer";
				COPY_PHASE_STRIP = YES;
				GCC_C_LANGUAGE_STANDARD = gnu99;
				GCC_VERSION = com.apple.compilers.llvm.clang.1_0;
				GCC_WARN_64_TO_32_BIT_CONVERSION = YES;
				GCC_WARN_ABOUT_RETURN_TYPE = YES;
				GCC_WARN_UNDECLARED_SELECTOR = YES;
				GCC_WARN_UNINITIALIZED_AUTOS = YES;
				GCC_WARN_UNUSED_FUNCTION = YES;
				GCC_WARN_UNUSED_VARIABLE = YES;
				IPHONEOS_DEPLOYMENT_TARGET = 7.1;
				OTHER_CFLAGS = "-DNS_BLOCK_ASSERTIONS=1";
				SDKROOT = iphoneos;
				VALIDATE_PRODUCT = YES;
			};
			name = Release;
		};
		F4AA6C461589A2DF0093D97E /* Debug */ = {
			isa = XCBuildConfiguration;
			buildSettings = {
				CODE_SIGN_IDENTITY = "iPhone Developer";
				"CODE_SIGN_IDENTITY[sdk=iphoneos*]" = "iPhone Developer";
				FRAMEWORK_SEARCH_PATHS = (
					"$(inherited)",
					"$(SRCROOT)",
					"/Users/Leonard/Downloads/GoogleMaps-iOS-1.7.0",
					"$(PROJECT_DIR)",
				);
				GCC_PRECOMPILE_PREFIX_HEADER = YES;
				GCC_PREFIX_HEADER = "RecipeBook/5CCompanion-Prefix.pch";
				INFOPLIST_FILE = "RecipeBook/5CCompanion-Info.plist";
				IPHONEOS_DEPLOYMENT_TARGET = 7.0;
				OTHER_LDFLAGS = "-ObjC";
				PRODUCT_NAME = 5CCompanion;
				PROVISIONING_PROFILE = "";
				WRAPPER_EXTENSION = app;
			};
			name = Debug;
		};
		F4AA6C471589A2DF0093D97E /* Release */ = {
			isa = XCBuildConfiguration;
			buildSettings = {
				CODE_SIGN_IDENTITY = "iPhone Developer";
				"CODE_SIGN_IDENTITY[sdk=iphoneos*]" = "iPhone Developer";
				FRAMEWORK_SEARCH_PATHS = (
					"$(inherited)",
					"$(SRCROOT)",
					"/Users/Leonard/Downloads/GoogleMaps-iOS-1.7.0",
					"$(PROJECT_DIR)",
				);
				GCC_PRECOMPILE_PREFIX_HEADER = YES;
				GCC_PREFIX_HEADER = "RecipeBook/5CCompanion-Prefix.pch";
				INFOPLIST_FILE = "RecipeBook/5CCompanion-Info.plist";
				IPHONEOS_DEPLOYMENT_TARGET = 7.0;
				OTHER_LDFLAGS = "-ObjC";
				PRODUCT_NAME = 5CCompanion;
				PROVISIONING_PROFILE = "";
				WRAPPER_EXTENSION = app;
			};
			name = Release;
		};
/* End XCBuildConfiguration section */

/* Begin XCConfigurationList section */
		F4AA6C211589A2DF0093D97E /* Build configuration list for PBXProject "5CCompanion" */ = {
			isa = XCConfigurationList;
			buildConfigurations = (
				F4AA6C431589A2DF0093D97E /* Debug */,
				F4AA6C441589A2DF0093D97E /* Release */,
			);
			defaultConfigurationIsVisible = 0;
			defaultConfigurationName = Release;
		};
		F4AA6C451589A2DF0093D97E /* Build configuration list for PBXNativeTarget "5CCompanion" */ = {
			isa = XCConfigurationList;
			buildConfigurations = (
				F4AA6C461589A2DF0093D97E /* Debug */,
				F4AA6C471589A2DF0093D97E /* Release */,
			);
			defaultConfigurationIsVisible = 0;
			defaultConfigurationName = Release;
		};
/* End XCConfigurationList section */
	};
	rootObject = F4AA6C1E1589A2DF0093D97E /* Project object */;
}
